
Microsoft Visual Studio Solution File, Format Version 12.00
# Visual Studio Version 17
VisualStudioVersion = 17.9.34701.34
MinimumVisualStudioVersion = 10.0.40219.1
Project("{FAE04EC0-301F-11D3-BF4B-00C04F79EFBC}") = "MainPage", "MainPage\MainPage.csproj", "{BA6687C7-6EF5-428C-B6F9-A134D0D9FEB8}"
EndProject
Global
	GlobalSection(SolutionConfigurationPlatforms) = preSolution
		Debug|Any CPU = Debug|Any CPU
		Release|Any CPU = Release|Any CPU
	EndGlobalSection
	GlobalSection(ProjectConfigurationPlatforms) = postSolution
		{BA6687C7-6EF5-428C-B6F9-A134D0D9FEB8}.Debug|Any CPU.ActiveCfg = Debug|Any CPU
		{BA6687C7-6EF5-428C-B6F9-A134D0D9FEB8}.Debug|Any CPU.Build.0 = Debug|Any CPU
		{BA6687C7-6EF5-428C-B6F9-A134D0D9FEB8}.Release|Any CPU.ActiveCfg = Release|Any CPU
		{BA6687C7-6EF5-428C-B6F9-A134D0D9FEB8}.Release|Any CPU.Build.0 = Release|Any CPU
	EndGlobalSection
	GlobalSection(SolutionProperties) = preSolution
		HideSolutionNode = FALSE
	EndGlobalSection
	GlobalSection(ExtensibilityGlobals) = postSolution
		SolutionGuid = {0A1C50AE-8C9D-419E-9FBE-AE981669D5A1}
	EndGlobalSection
EndGlobal
